lockfileVersion: '9.0'

settings:
  autoInstallPeers: true
  excludeLinksFromLockfile: false

pnpmfileChecksum: sha256-ZfwGjIvQgPR9mEJg5iihJauZ5iv1Ogj5lI/dgVj7pgI=

importers:

  .:
    dependencies:
      cac:
        specifier: ^6.7.14
        version: 6.7.14
      zxing-wasm:
        specifier: ^3.0.2
        version: 3.0.2(@types/emscripten@1.41.5)
    devDependencies:
      '@types/node':
        specifier: 24.12.2
        version: 24.12.2

packages:

  '@types/emscripten@1.41.5':
    resolution: {integrity: sha512-cMQm7pxu6BxtHyqJ7mQZ2kXWV5SLmugybFdHCBbJ5eHzOo6VhBckEgAT3//rP5FwPHNPeEiq4SmQ5ucBwsOo4Q==}

  '@types/node@24.12.2':
    resolution: {integrity: sha512-A1sre26ke7HDIuY/M23nd9gfB+nrmhtYyMINbjI1zHJxYteKR6qSMX56FsmjMcDb3SMcjJg5BiRRgOCC/yBD0g==}

  cac@6.7.14:
    resolution: {integrity: sha512-b6Ilus+c3RrdDk+JhLKUAQfzzgLEPy6wcXqS7f/xe1EETvsDP6GORG7SFuOs6cID5YkqchW/LXZbX5bc8j7ZcQ==}
    engines: {node: '>=8'}

  tagged-tag@1.0.0:
    resolution: {integrity: sha512-yEFYrVhod+hdNyx7g5Bnkkb0G6si8HJurOoOEgC8B/O0uXLHlaey/65KRv6cuWBNhBgHKAROVpc7QyYqE5gFng==}
    engines: {node: '>=20'}

  type-fest@5.5.0:
    resolution: {integrity: sha512-PlBfpQwiUvGViBNX84Yxwjsdhd1TUlXr6zjX7eoirtCPIr08NAmxwa+fcYBTeRQxHo9YC9wwF3m9i700sHma8g==}
    engines: {node: '>=20'}

  undici-types@7.16.0:
    resolution: {integrity: sha512-Zz+aZWSj8LE6zoxD+xrjh4VfkIG8Ya6LvYkZqtUQGJPZjYl53ypCaUwWqo7eI0x66KBGeRo+mlBEkMSeSZ38Nw==}

  zxing-wasm@3.0.2:
    resolution: {integrity: sha512-2YMAriaYHX9wrBY2k7H0epSo+dyCaCZg/vOtt+nEDXM9ul480gkXz/9SkwpOeHcD2H5qqDG8lWDSBwpTcZpa6w==}
    peerDependencies:
      '@types/emscripten': '>=1.39.6'

snapshots:

  '@types/emscripten@1.41.5': {}

  '@types/node@24.12.2':
    dependencies:
      undici-types: 7.16.0

  cac@6.7.14: {}

  tagged-tag@1.0.0: {}

  type-fest@5.5.0:
    dependencies:
      tagged-tag: 1.0.0

  undici-types@7.16.0: {}

  zxing-wasm@3.0.2(@types/emscripten@1.41.5):
    dependencies:
      '@types/emscripten': 1.41.5
      type-fest: 5.5.0
