lockfileVersion: '9.0'

settings:
  autoInstallPeers: true
  excludeLinksFromLockfile: false

importers:

  .:
    dependencies:
      cac:
        specifier: ^6.7.14
        version: 6.7.14
      zxing-wasm:
        specifier: ^3.0.2
        version: 3.0.2(@types/emscripten@1.41.5)
    devDependencies:
      '@types/node':
        specifier: 24.13.1
        version: 24.13.1

packages:

  '@types/emscripten@1.41.5':
    resolution: {integrity: sha512-cMQm7pxu6BxtHyqJ7mQZ2kXWV5SLmugybFdHCBbJ5eHzOo6VhBckEgAT3//rP5FwPHNPeEiq4SmQ5ucBwsOo4Q==}

  '@types/node@24.13.1':
    resolution: {integrity: sha512-RSpUJGmvsJ1ZeBehQZFhIdpsz+bIpES0nIQXko4Ybq+N+kX6XvOq3Jo+iJ82FWLdblFq85AsMikd3m35jgezYg==}

  cac@6.7.14:
    resolution: {integrity: sha512-b6Ilus+c3RrdDk+JhLKUAQfzzgLEPy6wcXqS7f/xe1EETvsDP6GORG7SFuOs6cID5YkqchW/LXZbX5bc8j7ZcQ==}
    engines: {node: '>=8'}

  tagged-tag@1.0.0:
    resolution: {integrity: sha512-yEFYrVhod+hdNyx7g5Bnkkb0G6si8HJurOoOEgC8B/O0uXLHlaey/65KRv6cuWBNhBgHKAROVpc7QyYqE5gFng==}
    engines: {node: '>=20'}

  type-fest@5.5.0:
    resolution: {integrity: sha512-PlBfpQwiUvGViBNX84Yxwjsdhd1TUlXr6zjX7eoirtCPIr08NAmxwa+fcYBTeRQxHo9YC9wwF3m9i700sHma8g==}
    engines: {node: '>=20'}

  undici-types@7.18.2:
    resolution: {integrity: sha512-AsuCzffGHJybSaRrmr5eHr81mwJU3kjw6M+uprWvCXiNeN9SOGwQ3Jn8jb8m3Z6izVgknn1R0FTCEAP2QrLY/w==}

  zxing-wasm@3.0.2:
    resolution: {integrity: sha512-2YMAriaYHX9wrBY2k7H0epSo+dyCaCZg/vOtt+nEDXM9ul480gkXz/9SkwpOeHcD2H5qqDG8lWDSBwpTcZpa6w==}
    peerDependencies:
      '@types/emscripten': '>=1.39.6'

snapshots:

  '@types/emscripten@1.41.5': {}

  '@types/node@24.13.1':
    dependencies:
      undici-types: 7.18.2

  cac@6.7.14: {}

  tagged-tag@1.0.0: {}

  type-fest@5.5.0:
    dependencies:
      tagged-tag: 1.0.0

  undici-types@7.18.2: {}

  zxing-wasm@3.0.2(@types/emscripten@1.41.5):
    dependencies:
      '@types/emscripten': 1.41.5
      type-fest: 5.5.0
